
Microsoft Visual Studio Solution File, Format Version 12.00
# Visual Studio Version 17
VisualStudioVersion = 17.11.35327.3
MinimumVisualStudioVersion = 10.0.40219.1
Project("{FAE04EC0-301F-11D3-BF4B-00C04F79EFBC}") = "hello app", "hello app\hello app.csproj", "{295C136F-F939-46A8-8577-C1E74425F911}"
EndProject
Global
	GlobalSection(SolutionConfigurationPlatforms) = preSolution
		Debug|Any CPU = Debug|Any CPU
		Release|Any CPU = Release|Any CPU
	EndGlobalSection
	GlobalSection(ProjectConfigurationPlatforms) = postSolution
		{295C136F-F939-46A8-8577-C1E74425F911}.Debug|Any CPU.ActiveCfg = Debug|Any CPU
		{295C136F-F939-46A8-8577-C1E74425F911}.Debug|Any CPU.Build.0 = Debug|Any CPU
		{295C136F-F939-46A8-8577-C1E74425F911}.Release|Any CPU.ActiveCfg = Release|Any CPU
		{295C136F-F939-46A8-8577-C1E74425F911}.Release|Any CPU.Build.0 = Release|Any CPU
	EndGlobalSection
	GlobalSection(SolutionProperties) = preSolution
		HideSolutionNode = FALSE
	EndGlobalSection
	GlobalSection(ExtensibilityGlobals) = postSolution
		SolutionGuid = {93023DB1-265A-4C0F-8DCB-C446D766323E}
	EndGlobalSection
EndGlobal
